# THIS IS AN AUTOGENERATED FILE. DO NOT EDIT THIS FILE DIRECTLY.
# yarn lockfile v1


"@types/natural@^0.6.1":
  version "0.6.1"
  resolved "https://registry.yarnpkg.com/@types/natural/-/natural-0.6.1.tgz#400c8af4a4e6186e17c3b3300300fa79cfb90a33"
  integrity sha512-AZhc3hLT2CYsCm+zymV3cvs7cHjbNYjBzo9vbpVUyf3z7tUQCmYf5tCP2/2Wv82vudTsZeg8YD1Q7Wp0RQBVew==
  dependencies:
    "@types/node" "*"

"@types/node@*", "@types/node@^12.6.9":
  version "12.11.1"
  resolved "https://registry.yarnpkg.com/@types/node/-/node-12.11.1.tgz#1fd7b821f798b7fa29f667a1be8f3442bb8922a3"
  integrity sha512-TJtwsqZ39pqcljJpajeoofYRfeZ7/I/OMUQ5pR4q5wOKf2ocrUvBAZUMhWsOvKx3dVc/aaV5GluBivt0sWqA5A==

afinn-165@^1.0.2:
  version "1.0.3"
  resolved "https://registry.yarnpkg.com/afinn-165/-/afinn-165-1.0.3.tgz#3968346229659bad79f9655017087c1771cc9eb6"
  integrity sha512-LTwJcUGRzjQCR6uQCXMEUkoecezmWNjyWRjPm9pv0WlIYtLLaOnVsR1RvAdSMgOJPTFNlxS1IkfXxrkmV+gcyQ==

apparatus@^0.0.10:
  version "0.0.10"
  resolved "https://registry.yarnpkg.com/apparatus/-/apparatus-0.0.10.tgz#81ea756772ada77863db54ceee8202c109bdca3e"
  integrity sha512-KLy/ugo33KZA7nugtQ7O0E1c8kQ52N3IvD/XgIh4w/Nr28ypfkwDfA67F1ev4N1m5D+BOk1+b2dEJDfpj/VvZg==
  dependencies:
    sylvester ">= 0.0.8"

json-stable-stringify@^1.0.1:
  version "1.0.1"
  resolved "https://registry.yarnpkg.com/json-stable-stringify/-/json-stable-stringify-1.0.1.tgz#9a759d39c5f2ff503fd5300646ed445f88c4f9af"
  integrity sha1-mnWdOcXy/1A/1TAGRu1EX4jE+a8=
  dependencies:
    jsonify "~0.0.0"

jsonify@~0.0.0:
  version "0.0.0"
  resolved "https://registry.yarnpkg.com/jsonify/-/jsonify-0.0.0.tgz#2c74b6ee41d93ca51b7b5aaee8f503631d252a73"
  integrity sha1-LHS27kHZPKUbe1qu6PUDYx0lKnM=

natural@^0.6.3:
  version "0.6.3"
  resolved "https://registry.yarnpkg.com/natural/-/natural-0.6.3.tgz#62f56db82fbfddcf9e1f5810c5e39135fdbc1355"
  integrity sha512-78fcEdNN6Y4pv8SOLPDhJTlUG+8IiQzNx0nYpl0k7q00K4ZZuds+wDWfSa6eeiPcSQDncvV44WWGsi70/ZP3+w==
  dependencies:
    afinn-165 "^1.0.2"
    apparatus "^0.0.10"
    json-stable-stringify "^1.0.1"
    sylvester "^0.0.12"
    underscore "^1.3.1"

"sylvester@>= 0.0.8":
  version "0.0.21"
  resolved "https://registry.yarnpkg.com/sylvester/-/sylvester-0.0.21.tgz#2987b1ce2bd2f38b0dce2a34388884bfa4400ea7"
  integrity sha1-KYexzivS84sNzio0OIiEv6RADqc=

sylvester@^0.0.12:
  version "0.0.12"
  resolved "https://registry.yarnpkg.com/sylvester/-/sylvester-0.0.12.tgz#5a884415cd2d002c57e7a3aac99462a75ce9fdb4"
  integrity sha1-WohEFc0tACxX56OqyZRip1zp/bQ=

underscore@^1.3.1:
  version "1.9.1"
  resolved "https://registry.yarnpkg.com/underscore/-/underscore-1.9.1.tgz#06dce34a0e68a7babc29b365b8e74b8925203961"
  integrity sha512-5/4etnCkd9c8gwgowi5/om/mYO5ajCaOgdzj/oW+0eQV9WxKBDZw5+ycmKmeaTXjInS/W0BzpGLo2xR2aBwZdg==

word-list@^3.1.0:
  version "3.1.0"
  resolved "https://registry.yarnpkg.com/word-list/-/word-list-3.1.0.tgz#c73180ce97399758b7aec9658a410508095f12bc"
  integrity sha512-fm5Wqf3ema+SNTJ/WFMSL/mM4iVM+yBRyEI/KjrJTPPLsn72GbNBBK94vORD7nUc9DxE7r3H2MpuiVtiA9FzDg==

wordnet-db@^3.1.11:
  version "3.1.11"
  resolved "https://registry.yarnpkg.com/wordnet-db/-/wordnet-db-3.1.11.tgz#341075a458f11d2c3ffb911495b2d8776bb6e74b"
  integrity sha512-gU1pmI6SaXA38fA62OoJz1LAYo2B9vnT0lIw6ZCiCel2dlIP8gJ/4EutnkVzenR5QH6X57n/TmWyXPNfiD0uMA==
